
Microsoft Visual Studio Solution File, Format Version 12.00
# Visual Studio Version 17
VisualStudioVersion = 17.3.32929.385
MinimumVisualStudioVersion = 10.0.40219.1
Project("{FAE04EC0-301F-11D3-BF4B-00C04F79EFBC}") = "The_Fourth_Lesson", "The_Fourth_Lesson.csproj", "{16DCF88A-B626-49C8-8CBD-F668EE36471F}"
EndProject
Global
	GlobalSection(SolutionConfigurationPlatforms) = preSolution
		Debug|Any CPU = Debug|Any CPU
		Release|Any CPU = Release|Any CPU
	EndGlobalSection
	GlobalSection(ProjectConfigurationPlatforms) = postSolution
		{16DCF88A-B626-49C8-8CBD-F668EE36471F}.Debug|Any CPU.ActiveCfg = Debug|Any CPU
		{16DCF88A-B626-49C8-8CBD-F668EE36471F}.Debug|Any CPU.Build.0 = Debug|Any CPU
		{16DCF88A-B626-49C8-8CBD-F668EE36471F}.Release|Any CPU.ActiveCfg = Release|Any CPU
		{16DCF88A-B626-49C8-8CBD-F668EE36471F}.Release|Any CPU.Build.0 = Release|Any CPU
	EndGlobalSection
	GlobalSection(SolutionProperties) = preSolution
		HideSolutionNode = FALSE
	EndGlobalSection
	GlobalSection(ExtensibilityGlobals) = postSolution
		SolutionGuid = {D562F1D2-7450-43C2-9F34-EA021E2F7831}
	EndGlobalSection
EndGlobal
